
Microsoft Visual Studio Solution File, Format Version 12.00
Project("{FAE04EC0-301F-11D3-BF4B-00C04F79EFBC}") = "ACUCustomizationUtil", "ACUCustomizationUtil.csproj", "{72D25120-1578-4994-BE76-7DCA2E0F1780}"
EndProject
Global
	GlobalSection(SolutionConfigurationPlatforms) = preSolution
		Debug|Any CPU = Debug|Any CPU
		Release|Any CPU = Release|Any CPU
	EndGlobalSection
	GlobalSection(ProjectConfigurationPlatforms) = postSolution
		{72D25120-1578-4994-BE76-7DCA2E0F1780}.Debug|Any CPU.ActiveCfg = Debug|Any CPU
		{72D25120-1578-4994-BE76-7DCA2E0F1780}.Debug|Any CPU.Build.0 = Debug|Any CPU
		{72D25120-1578-4994-BE76-7DCA2E0F1780}.Release|Any CPU.ActiveCfg = Release|Any CPU
		{72D25120-1578-4994-BE76-7DCA2E0F1780}.Release|Any CPU.Build.0 = Release|Any CPU
	EndGlobalSection
EndGlobal
